// !$*UTF8*$!
{
	archiveVersion = 1;
	classes = {
	};
	objectVersion = 46;
	objects = {

/* Begin PBXBuildFile section */
		285710A21A66CE5200F088A0 /* main.m in Sources */ = {isa = PBXBuildFile; fileRef = 285710A11A66CE5200F088A0 /* main.m */; };
		285710A51A66CE5200F088A0 /* AppDelegate.m in Sources */ = {isa = PBXBuildFile; fileRef = 285710A41A66CE5200F088A0 /* AppDelegate.m */; };
		285710A81A66CE5200F088A0 /* GroupdId2.xcdatamodeld in Sources */ = {isa = PBXBuildFile; fileRef = 285710A61A66CE5200F088A0 /* GroupdId2.xcdatamodeld */; };
		285710AB1A66CE5200F088A0 /* ViewController.m in Sources */ = {isa = PBXBuildFile; fileRef = 285710AA1A66CE5200F088A0 /* ViewController.m */; };
		285710AE1A66CE5200F088A0 /* Main.storyboard in Resources */ = {isa = PBXBuildFile; fileRef = 285710AC1A66CE5200F088A0 /* Main.storyboard */; };
		285710B01A66CE5200F088A0 /* Images.xcassets in Resources */ = {isa = PBXBuildFile; fileRef = 285710AF1A66CE5200F088A0 /* Images.xcassets */; };
		285710B31A66CE5200F088A0 /* LaunchScreen.xib in Resources */ = {isa = PBXBuildFile; fileRef = 285710B11A66CE5200F088A0 /* LaunchScreen.xib */; };
		285710BF1A66CE5200F088A0 /* GroupdId2Tests.m in Sources */ = {isa = PBXBuildFile; fileRef = 285710BE1A66CE5200F088A0 /* GroupdId2Tests.m */; };
		285710D61A66D04A00F088A0 /* Status.m in Sources */ = {isa = PBXBuildFile; fileRef = 285710D51A66D04A00F088A0 /* Status.m */; };
		285710D91A66D04A00F088A0 /* Group.m in Sources */ = {isa = PBXBuildFile; fileRef = 285710D81A66D04A00F088A0 /* Group.m */; };
		285710DC1A66D04A00F088A0 /* PTStatus.m in Sources */ = {isa = PBXBuildFile; fileRef = 285710DB1A66D04A00F088A0 /* PTStatus.m */; };
		285710DF1A66D04A00F088A0 /* PT.m in Sources */ = {isa = PBXBuildFile; fileRef = 285710DE1A66D04A00F088A0 /* PT.m */; };
/* End PBXBuildFile section */

/* Begin PBXContainerItemProxy section */
		285710B91A66CE5200F088A0 /* PBXContainerItemProxy */ = {
			isa = PBXContainerItemProxy;
			containerPortal = 285710941A66CE5200F088A0 /* Project object */;
			proxyType = 1;
			remoteGlobalIDString = 2857109B1A66CE5200F088A0;
			remoteInfo = GroupdId2;
		};
/* End PBXContainerItemProxy section */

/* Begin PBXFileReference section */
		2857109C1A66CE5200F088A0 /* GroupdId2.app */ = {isa = PBXFileReference; explicitFileType = wrapper.application; includeInIndex = 0; path = GroupdId2.app; sourceTree = BUILT_PRODUCTS_DIR; };
		285710A01A66CE5200F088A0 /* Info.plist */ = {isa = PBXFileReference; lastKnownFileType = text.plist.xml; path = Info.plist; sourceTree = "<group>"; };
		285710A11A66CE5200F088A0 /* main.m */ = {isa = PBXFileReference; lastKnownFileType = sourcecode.c.objc; path = main.m; sourceTree = "<group>"; };
		285710A31A66CE5200F088A0 /* AppDelegate.h */ = {isa = PBXFileReference; lastKnownFileType = sourcecode.c.h; path = AppDelegate.h; sourceTree = "<group>"; };
		285710A41A66CE5200F088A0 /* AppDelegate.m */ = {isa = PBXFileReference; lastKnownFileType = sourcecode.c.objc; path = AppDelegate.m; sourceTree = "<group>"; };
		285710A71A66CE5200F088A0 /* GroupdId2.xcdatamodel */ = {isa = PBXFileReference; lastKnownFileType = wrapper.xcdatamodel; path = GroupdId2.xcdatamodel; sourceTree = "<group>"; };
		285710A91A66CE5200F088A0 /* ViewController.h */ = {isa = PBXFileReference; lastKnownFileType = sourcecode.c.h; path = ViewController.h; sourceTree = "<group>"; };
		285710AA1A66CE5200F088A0 /* ViewController.m */ = {isa = PBXFileReference; lastKnownFileType = sourcecode.c.objc; path = ViewController.m; sourceTree = "<group>"; };
		285710AD1A66CE5200F088A0 /* Base */ = {isa = PBXFileReference; lastKnownFileType = file.storyboard; name = Base; path = Base.lproj/Main.storyboard; sourceTree = "<group>"; };
		285710AF1A66CE5200F088A0 /* Images.xcassets */ = {isa = PBXFileReference; lastKnownFileType = folder.assetcatalog; path = Images.xcassets; sourceTree = "<group>"; };
		285710B21A66CE5200F088A0 /* Base */ = {isa = PBXFileReference; lastKnownFileType = file.xib; name = Base; path = Base.lproj/LaunchScreen.xib; sourceTree = "<group>"; };
		285710B81A66CE5200F088A0 /* GroupdId2Tests.xctest */ = {isa = PBXFileReference; explicitFileType = wrapper.cfbundle; includeInIndex = 0; path = GroupdId2Tests.xctest; sourceTree = BUILT_PRODUCTS_DIR; };
		285710BD1A66CE5200F088A0 /* Info.plist */ = {isa = PBXFileReference; lastKnownFileType = text.plist.xml; path = Info.plist; sourceTree = "<group>"; };
		285710BE1A66CE5200F088A0 /* GroupdId2Tests.m */ = {isa = PBXFileReference; lastKnownFileType = sourcecode.c.objc; path = GroupdId2Tests.m; sourceTree = "<group>"; };
		285710D41A66D04A00F088A0 /* Status.h */ = {isa = PBXFileReference; fileEncoding = 4; lastKnownFileType = sourcecode.c.h; path = Status.h; sourceTree = "<group>"; };
		285710D51A66D04A00F088A0 /* Status.m */ = {isa = PBXFileReference; fileEncoding = 4; lastKnownFileType = sourcecode.c.objc; path = Status.m; sourceTree = "<group>"; };
		285710D71A66D04A00F088A0 /* Group.h */ = {isa = PBXFileReference; fileEncoding = 4; lastKnownFileType = sourcecode.c.h; path = Group.h; sourceTree = "<group>"; };
		285710D81A66D04A00F088A0 /* Group.m */ = {isa = PBXFileReference; fileEncoding = 4; lastKnownFileType = sourcecode.c.objc; path = Group.m; sourceTree = "<group>"; };
		285710DA1A66D04A00F088A0 /* PTStatus.h */ = {isa = PBXFileReference; fileEncoding = 4; lastKnownFileType = sourcecode.c.h; path = PTStatus.h; sourceTree = "<group>"; };
		285710DB1A66D04A00F088A0 /* PTStatus.m */ = {isa = PBXFileReference; fileEncoding = 4; lastKnownFileType = sourcecode.c.objc; path = PTStatus.m; sourceTree = "<group>"; };
		285710DD1A66D04A00F088A0 /* PT.h */ = {isa = PBXFileReference; fileEncoding = 4; lastKnownFileType = sourcecode.c.h; path = PT.h; sourceTree = "<group>"; };
		285710DE1A66D04A00F088A0 /* PT.m */ = {isa = PBXFileReference; fileEncoding = 4; lastKnownFileType = sourcecode.c.objc; path = PT.m; sourceTree = "<group>"; };
/* End PBXFileReference section */

/* Begin PBXFrameworksBuildPhase section */
		285710991A66CE5200F088A0 /* Frameworks */ = {
			isa = PBXFrameworksBuildPhase;
			buildActionMask = 2147483647;
			files = (
			);
			runOnlyForDeploymentPostprocessing = 0;
		};
		285710B51A66CE5200F088A0 /* Frameworks */ = {
			isa = PBXFrameworksBuildPhase;
			buildActionMask = 2147483647;
			files = (
			);
			runOnlyForDeploymentPostprocessing = 0;
		};
/* End PBXFrameworksBuildPhase section */

/* Begin PBXGroup section */
		285710931A66CE5200F088A0 = {
			isa = PBXGroup;
			children = (
				285710DD1A66D04A00F088A0 /* PT.h */,
				285710DE1A66D04A00F088A0 /* PT.m */,
				285710DA1A66D04A00F088A0 /* PTStatus.h */,
				285710DB1A66D04A00F088A0 /* PTStatus.m */,
				285710D71A66D04A00F088A0 /* Group.h */,
				285710D81A66D04A00F088A0 /* Group.m */,
				285710D41A66D04A00F088A0 /* Status.h */,
				285710D51A66D04A00F088A0 /* Status.m */,
				2857109E1A66CE5200F088A0 /* GroupdId2 */,
				285710BB1A66CE5200F088A0 /* GroupdId2Tests */,
				2857109D1A66CE5200F088A0 /* Products */,
			);
			sourceTree = "<group>";
		};
		2857109D1A66CE5200F088A0 /* Products */ = {
			isa = PBXGroup;
			children = (
				2857109C1A66CE5200F088A0 /* GroupdId2.app */,
				285710B81A66CE5200F088A0 /* GroupdId2Tests.xctest */,
			);
			name = Products;
			sourceTree = "<group>";
		};
		2857109E1A66CE5200F088A0 /* GroupdId2 */ = {
			isa = PBXGroup;
			children = (
				285710A31A66CE5200F088A0 /* AppDelegate.h */,
				285710A41A66CE5200F088A0 /* AppDelegate.m */,
				285710A91A66CE5200F088A0 /* ViewController.h */,
				285710AA1A66CE5200F088A0 /* ViewController.m */,
				285710AC1A66CE5200F088A0 /* Main.storyboard */,
				285710AF1A66CE5200F088A0 /* Images.xcassets */,
				285710B11A66CE5200F088A0 /* LaunchScreen.xib */,
				285710A61A66CE5200F088A0 /* GroupdId2.xcdatamodeld */,
				2857109F1A66CE5200F088A0 /* Supporting Files */,
			);
			path = GroupdId2;
			sourceTree = "<group>";
		};
		2857109F1A66CE5200F088A0 /* Supporting Files */ = {
			isa = PBXGroup;
			children = (
				285710A01A66CE5200F088A0 /* Info.plist */,
				285710A11A66CE5200F088A0 /* main.m */,
			);
			name = "Supporting Files";
			sourceTree = "<group>";
		};
		285710BB1A66CE5200F088A0 /* GroupdId2Tests */ = {
			isa = PBXGroup;
			children = (
				285710BE1A66CE5200F088A0 /* GroupdId2Tests.m */,
				285710BC1A66CE5200F088A0 /* Supporting Files */,
			);
			path = GroupdId2Tests;
			sourceTree = "<group>";
		};
		285710BC1A66CE5200F088A0 /* Supporting Files */ = {
			isa = PBXGroup;
			children = (
				285710BD1A66CE5200F088A0 /* Info.plist */,
			);
			name = "Supporting Files";
			sourceTree = "<group>";
		};
/* End PBXGroup section */

/* Begin PBXNativeTarget section */
		2857109B1A66CE5200F088A0 /* GroupdId2 */ = {
			isa = PBXNativeTarget;
			buildConfigurationList = 285710C21A66CE5200F088A0 /* Build configuration list for PBXNativeTarget "GroupdId2" */;
			buildPhases = (
				285710981A66CE5200F088A0 /* Sources */,
				285710991A66CE5200F088A0 /* Frameworks */,
				2857109A1A66CE5200F088A0 /* Resources */,
			);
			buildRules = (
			);
			dependencies = (
			);
			name = GroupdId2;
			productName = GroupdId2;
			productReference = 2857109C1A66CE5200F088A0 /* GroupdId2.app */;
			productType = "com.apple.product-type.application";
		};
		285710B71A66CE5200F088A0 /* GroupdId2Tests */ = {
			isa = PBXNativeTarget;
			buildConfigurationList = 285710C51A66CE5200F088A0 /* Build configuration list for PBXNativeTarget "GroupdId2Tests" */;
			buildPhases = (
				285710B41A66CE5200F088A0 /* Sources */,
				285710B51A66CE5200F088A0 /* Frameworks */,
				285710B61A66CE5200F088A0 /* Resources */,
			);
			buildRules = (
			);
			dependencies = (
				285710BA1A66CE5200F088A0 /* PBXTargetDependency */,
			);
			name = GroupdId2Tests;
			productName = GroupdId2Tests;
			productReference = 285710B81A66CE5200F088A0 /* GroupdId2Tests.xctest */;
			productType = "com.apple.product-type.bundle.unit-test";
		};
/* End PBXNativeTarget section */

/* Begin PBXProject section */
		285710941A66CE5200F088A0 /* Project object */ = {
			isa = PBXProject;
			attributes = {
				LastUpgradeCheck = 0610;
				ORGANIZATIONNAME = "Markus Schmid";
				TargetAttributes = {
					2857109B1A66CE5200F088A0 = {
						CreatedOnToolsVersion = 6.1.1;
					};
					285710B71A66CE5200F088A0 = {
						CreatedOnToolsVersion = 6.1.1;
						TestTargetID = 2857109B1A66CE5200F088A0;
					};
				};
			};
			buildConfigurationList = 285710971A66CE5200F088A0 /* Build configuration list for PBXProject "GroupdId2" */;
			compatibilityVersion = "Xcode 3.2";
			developmentRegion = English;
			hasScannedForEncodings = 0;
			knownRegions = (
				en,
				Base,
			);
			mainGroup = 285710931A66CE5200F088A0;
			productRefGroup = 2857109D1A66CE5200F088A0 /* Products */;
			projectDirPath = "";
			projectRoot = "";
			targets = (
				2857109B1A66CE5200F088A0 /* GroupdId2 */,
				285710B71A66CE5200F088A0 /* GroupdId2Tests */,
			);
		};
/* End PBXProject section */

/* Begin PBXResourcesBuildPhase section */
		2857109A1A66CE5200F088A0 /* Resources */ = {
			isa = PBXResourcesBuildPhase;
			buildActionMask = 2147483647;
			files = (
				285710AE1A66CE5200F088A0 /* Main.storyboard in Resources */,
				285710B31A66CE5200F088A0 /* LaunchScreen.xib in Resources */,
				285710B01A66CE5200F088A0 /* Images.xcassets in Resources */,
			);
			runOnlyForDeploymentPostprocessing = 0;
		};
		285710B61A66CE5200F088A0 /* Resources */ = {
			isa = PBXResourcesBuildPhase;
			buildActionMask = 2147483647;
			files = (
			);
			runOnlyForDeploymentPostprocessing = 0;
		};
/* End PBXResourcesBuildPhase section */

/* Begin PBXSourcesBuildPhase section */
		285710981A66CE5200F088A0 /* Sources */ = {
			isa = PBXSourcesBuildPhase;
			buildActionMask = 2147483647;
			files = (
				285710A51A66CE5200F088A0 /* AppDelegate.m in Sources */,
				285710A81A66CE5200F088A0 /* GroupdId2.xcdatamodeld in Sources */,
				285710AB1A66CE5200F088A0 /* ViewController.m in Sources */,
				285710DF1A66D04A00F088A0 /* PT.m in Sources */,
				285710D91A66D04A00F088A0 /* Group.m in Sources */,
				285710D61A66D04A00F088A0 /* Status.m in Sources */,
				285710A21A66CE5200F088A0 /* main.m in Sources */,
				285710DC1A66D04A00F088A0 /* PTStatus.m in Sources */,
			);
			runOnlyForDeploymentPostprocessing = 0;
		};
		285710B41A66CE5200F088A0 /* Sources */ = {
			isa = PBXSourcesBuildPhase;
			buildActionMask = 2147483647;
			files = (
				285710BF1A66CE5200F088A0 /* GroupdId2Tests.m in Sources */,
			);
			runOnlyForDeploymentPostprocessing = 0;
		};
/* End PBXSourcesBuildPhase section */

/* Begin PBXTargetDependency section */
		285710BA1A66CE5200F088A0 /* PBXTargetDependency */ = {
			isa = PBXTargetDependency;
			target = 2857109B1A66CE5200F088A0 /* GroupdId2 */;
			targetProxy = 285710B91A66CE5200F088A0 /* PBXContainerItemProxy */;
		};
/* End PBXTargetDependency section */

/* Begin PBXVariantGroup section */
		285710AC1A66CE5200F088A0 /* Main.storyboard */ = {
			isa = PBXVariantGroup;
			children = (
				285710AD1A66CE5200F088A0 /* Base */,
			);
			name = Main.storyboard;
			sourceTree = "<group>";
		};
		285710B11A66CE5200F088A0 /* LaunchScreen.xib */ = {
			isa = PBXVariantGroup;
			children = (
				285710B21A66CE5200F088A0 /* Base */,
			);
			name = LaunchScreen.xib;
			sourceTree = "<group>";
		};
/* End PBXVariantGroup section */

/* Begin XCBuildConfiguration section */
		285710C01A66CE5200F088A0 /* Debug */ = {
			isa = XCBuildConfiguration;
			buildSettings = {
				ALWAYS_SEARCH_USER_PATHS = NO;
				CLANG_CXX_LANGUAGE_STANDARD = "gnu++0x";
				CLANG_CXX_LIBRARY = "libc++";
				CLANG_ENABLE_MODULES = YES;
				CLANG_ENABLE_OBJC_ARC = YES;
				CLANG_WARN_BOOL_CONVERSION = YES;
				CLANG_WARN_CONSTANT_CONVERSION = YES;
				CLANG_WARN_DIRECT_OBJC_ISA_USAGE = YES_ERROR;
				CLANG_WARN_EMPTY_BODY = YES;
				CLANG_WARN_ENUM_CONVERSION = YES;
				CLANG_WARN_INT_CONVERSION = YES;
				CLANG_WARN_OBJC_ROOT_CLASS = YES_ERROR;
				CLANG_WARN_UNREACHABLE_CODE = YES;
				CLANG_WARN__DUPLICATE_METHOD_MATCH = YES;
				"CODE_SIGN_IDENTITY[sdk=iphoneos*]" = "iPhone Developer";
				COPY_PHASE_STRIP = NO;
				ENABLE_STRICT_OBJC_MSGSEND = YES;
				GCC_C_LANGUAGE_STANDARD = gnu99;
				GCC_DYNAMIC_NO_PIC = NO;
				GCC_OPTIMIZATION_LEVEL = 0;
				GCC_PREPROCESSOR_DEFINITIONS = (
					"DEBUG=1",
					"$(inherited)",
				);
				GCC_SYMBOLS_PRIVATE_EXTERN = NO;
				GCC_WARN_64_TO_32_BIT_CONVERSION = YES;
				GCC_WARN_ABOUT_RETURN_TYPE = YES_ERROR;
				GCC_WARN_UNDECLARED_SELECTOR = YES;
				GCC_WARN_UNINITIALIZED_AUTOS = YES_AGGRESSIVE;
				GCC_WARN_UNUSED_FUNCTION = YES;
				GCC_WARN_UNUSED_VARIABLE = YES;
				IPHONEOS_DEPLOYMENT_TARGET = 8.1;
				MTL_ENABLE_DEBUG_INFO = YES;
				ONLY_ACTIVE_ARCH = YES;
				SDKROOT = iphoneos;
			};
			name = Debug;
		};
		285710C11A66CE5200F088A0 /* Release */ = {
			isa = XCBuildConfiguration;
			buildSettings = {
				ALWAYS_SEARCH_USER_PATHS = NO;
				CLANG_CXX_LANGUAGE_STANDARD = "gnu++0x";
				CLANG_CXX_LIBRARY = "libc++";
				CLANG_ENABLE_MODULES = YES;
				CLANG_ENABLE_OBJC_ARC = YES;
				CLANG_WARN_BOOL_CONVERSION = YES;
				CLANG_WARN_CONSTANT_CONVERSION = YES;
				CLANG_WARN_DIRECT_OBJC_ISA_USAGE = YES_ERROR;
				CLANG_WARN_EMPTY_BODY = YES;
				CLANG_WARN_ENUM_CONVERSION = YES;
				CLANG_WARN_INT_CONVERSION = YES;
				CLANG_WARN_OBJC_ROOT_CLASS = YES_ERROR;
				CLANG_WARN_UNREACHABLE_CODE = YES;
				CLANG_WARN__DUPLICATE_METHOD_MATCH = YES;
				"CODE_SIGN_IDENTITY[sdk=iphoneos*]" = "iPhone Developer";
				COPY_PHASE_STRIP = YES;
				ENABLE_NS_ASSERTIONS = NO;
				ENABLE_STRICT_OBJC_MSGSEND = YES;
				GCC_C_LANGUAGE_STANDARD = gnu99;
				GCC_WARN_64_TO_32_BIT_CONVERSION = YES;
				GCC_WARN_ABOUT_RETURN_TYPE = YES_ERROR;
				GCC_WARN_UNDECLARED_SELECTOR = YES;
				GCC_WARN_UNINITIALIZED_AUTOS = YES_AGGRESSIVE;
				GCC_WARN_UNUSED_FUNCTION = YES;
				GCC_WARN_UNUSED_VARIABLE = YES;
				IPHONEOS_DEPLOYMENT_TARGET = 8.1;
				MTL_ENABLE_DEBUG_INFO = NO;
				SDKROOT = iphoneos;
				VALIDATE_PRODUCT = YES;
			};
			name = Release;
		};
		285710C31A66CE5200F088A0 /* Debug */ = {
			isa = XCBuildConfiguration;
			buildSettings = {
				ASSETCATALOG_COMPILER_APPICON_NAME = AppIcon;
				INFOPLIST_FILE = GroupdId2/Info.plist;
				LD_RUNPATH_SEARCH_PATHS = "$(inherited) @executable_path/Frameworks";
				PRODUCT_NAME = "$(TARGET_NAME)";
			};
			name = Debug;
		};
		285710C41A66CE5200F088A0 /* Release */ = {
			isa = XCBuildConfiguration;
			buildSettings = {
				ASSETCATALOG_COMPILER_APPICON_NAME = AppIcon;
				INFOPLIST_FILE = GroupdId2/Info.plist;
				LD_RUNPATH_SEARCH_PATHS = "$(inherited) @executable_path/Frameworks";
				PRODUCT_NAME = "$(TARGET_NAME)";
			};
			name = Release;
		};
		285710C61A66CE5200F088A0 /* Debug */ = {
			isa = XCBuildConfiguration;
			buildSettings = {
				BUNDLE_LOADER = "$(TEST_HOST)";
				FRAMEWORK_SEARCH_PATHS = (
					"$(SDKROOT)/Developer/Library/Frameworks",
					"$(inherited)",
				);
				GCC_PREPROCESSOR_DEFINITIONS = (
					"DEBUG=1",
					"$(inherited)",
				);
				INFOPLIST_FILE = GroupdId2Tests/Info.plist;
				LD_RUNPATH_SEARCH_PATHS = "$(inherited) @executable_path/Frameworks @loader_path/Frameworks";
				PRODUCT_NAME = "$(TARGET_NAME)";
				TEST_HOST = "$(BUILT_PRODUCTS_DIR)/GroupdId2.app/GroupdId2";
			};
			name = Debug;
		};
		285710C71A66CE5200F088A0 /* Release */ = {
			isa = XCBuildConfiguration;
			buildSettings = {
				BUNDLE_LOADER = "$(TEST_HOST)";
				FRAMEWORK_SEARCH_PATHS = (
					"$(SDKROOT)/Developer/Library/Frameworks",
					"$(inherited)",
				);
				INFOPLIST_FILE = GroupdId2Tests/Info.plist;
				LD_RUNPATH_SEARCH_PATHS = "$(inherited) @executable_path/Frameworks @loader_path/Frameworks";
				PRODUCT_NAME = "$(TARGET_NAME)";
				TEST_HOST = "$(BUILT_PRODUCTS_DIR)/GroupdId2.app/GroupdId2";
			};
			name = Release;
		};
/* End XCBuildConfiguration section */

/* Begin XCConfigurationList section */
		285710971A66CE5200F088A0 /* Build configuration list for PBXProject "GroupdId2" */ = {
			isa = XCConfigurationList;
			buildConfigurations = (
				285710C01A66CE5200F088A0 /* Debug */,
				285710C11A66CE5200F088A0 /* Release */,
			);
			defaultConfigurationIsVisible = 0;
			defaultConfigurationName = Release;
		};
		285710C21A66CE5200F088A0 /* Build configuration list for PBXNativeTarget "GroupdId2" */ = {
			isa = XCConfigurationList;
			buildConfigurations = (
				285710C31A66CE5200F088A0 /* Debug */,
				285710C41A66CE5200F088A0 /* Release */,
			);
			defaultConfigurationIsVisible = 0;
			defaultConfigurationName = Release;
		};
		285710C51A66CE5200F088A0 /* Build configuration list for PBXNativeTarget "GroupdId2Tests" */ = {
			isa = XCConfigurationList;
			buildConfigurations = (
				285710C61A66CE5200F088A0 /* Debug */,
				285710C71A66CE5200F088A0 /* Release */,
			);
			defaultConfigurationIsVisible = 0;
			defaultConfigurationName = Release;
		};
/* End XCConfigurationList section */

/* Begin XCVersionGroup section */
		285710A61A66CE5200F088A0 /* GroupdId2.xcdatamodeld */ = {
			isa = XCVersionGroup;
			children = (
				285710A71A66CE5200F088A0 /* GroupdId2.xcdatamodel */,
			);
			currentVersion = 285710A71A66CE5200F088A0 /* GroupdId2.xcdatamodel */;
			path = GroupdId2.xcdatamodeld;
			sourceTree = "<group>";
			versionGroupType = wrapper.xcdatamodel;
		};
/* End XCVersionGroup section */
	};
	rootObject = 285710941A66CE5200F088A0 /* Project object */;
}
